// !$*UTF8*$!
{
	archiveVersion = 1;
	classes = {
	};
	objectVersion = 56;
	objects = {

/* Begin PBXBuildFile section */
		844FFA6E2C06A34500988F9E /* ErrorManager.swift in Sources */ = {isa = PBXBuildFile; fileRef = 844FFA6D2C06A34400988F9E /* ErrorManager.swift */; };
		844FFA702C06A60500988F9E /* MainView.swift in Sources */ = {isa = PBXBuildFile; fileRef = 844FFA6F2C06A60400988F9E /* MainView.swift */; };
		844FFA782C06A97400988F9E /* CatsWatchApp.swift in Sources */ = {isa = PBXBuildFile; fileRef = 844FFA772C06A97400988F9E /* CatsWatchApp.swift */; };
		844FFA7A2C06A97400988F9E /* WatchView.swift in Sources */ = {isa = PBXBuildFile; fileRef = 844FFA792C06A97400988F9E /* WatchView.swift */; };
		844FFA7C2C06A97500988F9E /* Assets.xcassets in Resources */ = {isa = PBXBuildFile; fileRef = 844FFA7B2C06A97500988F9E /* Assets.xcassets */; };
		844FFA7F2C06A97500988F9E /* Preview Assets.xcassets in Resources */ = {isa = PBXBuildFile; fileRef = 844FFA7E2C06A97500988F9E /* Preview Assets.xcassets */; };
		844FFA892C06A97500988F9E /* CatsWatch_Watch_AppTests.swift in Sources */ = {isa = PBXBuildFile; fileRef = 844FFA882C06A97500988F9E /* CatsWatch_Watch_AppTests.swift */; };
		844FFA932C06A97500988F9E /* CatsWatch_Watch_AppUITests.swift in Sources */ = {isa = PBXBuildFile; fileRef = 844FFA922C06A97500988F9E /* CatsWatch_Watch_AppUITests.swift */; };
		844FFA952C06A97500988F9E /* CatsWatch_Watch_AppUITestsLaunchTests.swift in Sources */ = {isa = PBXBuildFile; fileRef = 844FFA942C06A97500988F9E /* CatsWatch_Watch_AppUITestsLaunchTests.swift */; };
		844FFA982C06A97500988F9E /* CatsWatch Watch App.app in Embed Watch Content */ = {isa = PBXBuildFile; fileRef = 844FFA752C06A97400988F9E /* CatsWatch Watch App.app */; settings = {ATTRIBUTES = (RemoveHeadersOnCopy, ); }; };
		844FFAAC2C06AA9700988F9E /* RealityKitContent in Frameworks */ = {isa = PBXBuildFile; productRef = 844FFAAB2C06AA9700988F9E /* RealityKitContent */; };
		844FFAAE2C06AA9700988F9E /* CatsVisionApp.swift in Sources */ = {isa = PBXBuildFile; fileRef = 844FFAAD2C06AA9700988F9E /* CatsVisionApp.swift */; };
		844FFAB02C06AA9700988F9E /* ContentView.swift in Sources */ = {isa = PBXBuildFile; fileRef = 844FFAAF2C06AA9700988F9E /* ContentView.swift */; };
		844FFAB22C06AA9700988F9E /* ImmersiveView.swift in Sources */ = {isa = PBXBuildFile; fileRef = 844FFAB12C06AA9700988F9E /* ImmersiveView.swift */; };
		844FFAB42C06AA9700988F9E /* ImageBasedLighting.skybox in Resources */ = {isa = PBXBuildFile; fileRef = 844FFAB32C06AA9700988F9E /* ImageBasedLighting.skybox */; };
		844FFAB62C06AA9900988F9E /* Assets.xcassets in Resources */ = {isa = PBXBuildFile; fileRef = 844FFAB52C06AA9900988F9E /* Assets.xcassets */; };
		844FFAB92C06AA9900988F9E /* Preview Assets.xcassets in Resources */ = {isa = PBXBuildFile; fileRef = 844FFAB82C06AA9900988F9E /* Preview Assets.xcassets */; };
		844FFAC42C06AA9900988F9E /* CatsVisionTests.swift in Sources */ = {isa = PBXBuildFile; fileRef = 844FFAC32C06AA9900988F9E /* CatsVisionTests.swift */; };
		84640B9D2C11D9DB00DD382A /* ErrorManager.swift in Sources */ = {isa = PBXBuildFile; fileRef = 844FFA6D2C06A34400988F9E /* ErrorManager.swift */; };
		84640BA12C11DE0E00DD382A /* FontListView.swift in Sources */ = {isa = PBXBuildFile; fileRef = 84640BA02C11DE0E00DD382A /* FontListView.swift */; };
		84640BA32C11DE9200DD382A /* FontManager.swift in Sources */ = {isa = PBXBuildFile; fileRef = 84640BA22C11DE9200DD382A /* FontManager.swift */; };
		84640BA52C11DEEE00DD382A /* CustomFontModifier.swift in Sources */ = {isa = PBXBuildFile; fileRef = 84640BA42C11DEEE00DD382A /* CustomFontModifier.swift */; };
		84640BA72C11FB1100DD382A /* SettingsView.swift in Sources */ = {isa = PBXBuildFile; fileRef = 84640BA62C11FB1100DD382A /* SettingsView.swift */; };
		84640BA92C12204900DD382A /* ColorsManager.swift in Sources */ = {isa = PBXBuildFile; fileRef = 84640BA82C12204900DD382A /* ColorsManager.swift */; };
		84640BAD2C12A5AA00DD382A /* View+SafeArea.swift in Sources */ = {isa = PBXBuildFile; fileRef = 84640BAC2C12A5AA00DD382A /* View+SafeArea.swift */; };
		846A064F2C13476F001AAD60 /* ImageCache.swift in Sources */ = {isa = PBXBuildFile; fileRef = 84E5D4282B8AC38D00A24ABF /* ImageCache.swift */; };
		846A06512C134DD7001AAD60 /* CatService.swift in Sources */ = {isa = PBXBuildFile; fileRef = 84E5D4342B8F3E9000A24ABF /* CatService.swift */; };
		846A06522C134E1F001AAD60 /* Cat.swift in Sources */ = {isa = PBXBuildFile; fileRef = 84E5D42F2B8F3E3B00A24ABF /* Cat.swift */; };
		846A06532C134E2E001AAD60 /* APIManager.swift in Sources */ = {isa = PBXBuildFile; fileRef = 8478B3742C11792D001ED1C7 /* APIManager.swift */; };
		846A06562C13526C001AAD60 /* WatchViewModel.swift in Sources */ = {isa = PBXBuildFile; fileRef = 846A06552C13526C001AAD60 /* WatchViewModel.swift */; };
		8478B3752C11792D001ED1C7 /* APIManager.swift in Sources */ = {isa = PBXBuildFile; fileRef = 8478B3742C11792D001ED1C7 /* APIManager.swift */; };
		8478B3762C11795A001ED1C7 /* APIManager.swift in Sources */ = {isa = PBXBuildFile; fileRef = 8478B3742C11792D001ED1C7 /* APIManager.swift */; };
		84C7ECD62B90ACFB002A8834 /* DetailView.swift in Sources */ = {isa = PBXBuildFile; fileRef = 84C7ECD52B90ACFB002A8834 /* DetailView.swift */; };
		84C7ECDB2B910705002A8834 /* Launch Screen.storyboard in Resources */ = {isa = PBXBuildFile; fileRef = 84C7ECDA2B910705002A8834 /* Launch Screen.storyboard */; };
		84C7ECE32B910EC2002A8834 /* CatsTests.swift in Sources */ = {isa = PBXBuildFile; fileRef = 84C7ECE22B910EC2002A8834 /* CatsTests.swift */; };
		84C7ECE92B910EFC002A8834 /* Cat.swift in Sources */ = {isa = PBXBuildFile; fileRef = 84E5D42F2B8F3E3B00A24ABF /* Cat.swift */; };
		84C7ECEA2B910EFF002A8834 /* Cat+Likes.swift in Sources */ = {isa = PBXBuildFile; fileRef = 84E5D4312B8F3E5600A24ABF /* Cat+Likes.swift */; };
		84C7ECEB2B910F01002A8834 /* CatService.swift in Sources */ = {isa = PBXBuildFile; fileRef = 84E5D4342B8F3E9000A24ABF /* CatService.swift */; };
		84E011022C0F371000C08090 /* FeedViewModel.swift in Sources */ = {isa = PBXBuildFile; fileRef = 84E011012C0F371000C08090 /* FeedViewModel.swift */; };
		84E5D4192B89891100A24ABF /* CatsApp.swift in Sources */ = {isa = PBXBuildFile; fileRef = 84E5D4182B89891100A24ABF /* CatsApp.swift */; };
		84E5D41B2B89891100A24ABF /* FeedView.swift in Sources */ = {isa = PBXBuildFile; fileRef = 84E5D41A2B89891100A24ABF /* FeedView.swift */; };
		84E5D41D2B89891200A24ABF /* Assets.xcassets in Resources */ = {isa = PBXBuildFile; fileRef = 84E5D41C2B89891200A24ABF /* Assets.xcassets */; };
		84E5D4212B89891200A24ABF /* Preview Assets.xcassets in Resources */ = {isa = PBXBuildFile; fileRef = 84E5D4202B89891200A24ABF /* Preview Assets.xcassets */; };
		84E5D4292B8AC38D00A24ABF /* ImageCache.swift in Sources */ = {isa = PBXBuildFile; fileRef = 84E5D4282B8AC38D00A24ABF /* ImageCache.swift */; };
		84E5D42B2B8CF94C00A24ABF /* TagsView.swift in Sources */ = {isa = PBXBuildFile; fileRef = 84E5D42A2B8CF94C00A24ABF /* TagsView.swift */; };
		84E5D4302B8F3E3B00A24ABF /* Cat.swift in Sources */ = {isa = PBXBuildFile; fileRef = 84E5D42F2B8F3E3B00A24ABF /* Cat.swift */; };
		84E5D4322B8F3E5600A24ABF /* Cat+Likes.swift in Sources */ = {isa = PBXBuildFile; fileRef = 84E5D4312B8F3E5600A24ABF /* Cat+Likes.swift */; };
		84E5D4352B8F3E9000A24ABF /* CatService.swift in Sources */ = {isa = PBXBuildFile; fileRef = 84E5D4342B8F3E9000A24ABF /* CatService.swift */; };
		84E5D4382B8F406B00A24ABF /* CatCard.swift in Sources */ = {isa = PBXBuildFile; fileRef = 84E5D4372B8F406B00A24ABF /* CatCard.swift */; };
		84E5D43A2B8F410200A24ABF /* TagLayout.swift in Sources */ = {isa = PBXBuildFile; fileRef = 84E5D4392B8F410200A24ABF /* TagLayout.swift */; };
		84E5D43C2B8F413300A24ABF /* TagView.swift in Sources */ = {isa = PBXBuildFile; fileRef = 84E5D43B2B8F413300A24ABF /* TagView.swift */; };
		84E5D43E2B8F423F00A24ABF /* TagsMenu.swift in Sources */ = {isa = PBXBuildFile; fileRef = 84E5D43D2B8F423F00A24ABF /* TagsMenu.swift */; };
		84F405BD2C109283006E69DD /* FavoritesView.swift in Sources */ = {isa = PBXBuildFile; fileRef = 84F405BC2C109283006E69DD /* FavoritesView.swift */; };
		84F405BF2C1096F2006E69DD /* FavoriteCatCard.swift in Sources */ = {isa = PBXBuildFile; fileRef = 84F405BE2C1096F2006E69DD /* FavoriteCatCard.swift */; };
		84F405C12C10B467006E69DD /* DetailViewModel.swift in Sources */ = {isa = PBXBuildFile; fileRef = 84F405C02C10B467006E69DD /* DetailViewModel.swift */; };
/* End PBXBuildFile section */

/* Begin PBXContainerItemProxy section */
		844FFA852C06A97500988F9E /* PBXContainerItemProxy */ = {
			isa = PBXContainerItemProxy;
			containerPortal = 84E5D40D2B89891100A24ABF /* Project object */;
			proxyType = 1;
			remoteGlobalIDString = 844FFA742C06A97400988F9E;
			remoteInfo = "CatsWatch Watch App";
		};
		844FFA8F2C06A97500988F9E /* PBXContainerItemProxy */ = {
			isa = PBXContainerItemProxy;
			containerPortal = 84E5D40D2B89891100A24ABF /* Project object */;
			proxyType = 1;
			remoteGlobalIDString = 844FFA742C06A97400988F9E;
			remoteInfo = "CatsWatch Watch App";
		};
		844FFA962C06A97500988F9E /* PBXContainerItemProxy */ = {
			isa = PBXContainerItemProxy;
			containerPortal = 84E5D40D2B89891100A24ABF /* Project object */;
			proxyType = 1;
			remoteGlobalIDString = 844FFA742C06A97400988F9E;
			remoteInfo = "CatsWatch Watch App";
		};
		844FFAC02C06AA9900988F9E /* PBXContainerItemProxy */ = {
			isa = PBXContainerItemProxy;
			containerPortal = 84E5D40D2B89891100A24ABF /* Project object */;
			proxyType = 1;
			remoteGlobalIDString = 844FFAA62C06AA9600988F9E;
			remoteInfo = CatsVision;
		};
		84C7ECE42B910EC2002A8834 /* PBXContainerItemProxy */ = {
			isa = PBXContainerItemProxy;
			containerPortal = 84E5D40D2B89891100A24ABF /* Project object */;
			proxyType = 1;
			remoteGlobalIDString = 84E5D4142B89891100A24ABF;
			remoteInfo = Cats;
		};
/* End PBXContainerItemProxy section */

/* Begin PBXCopyFilesBuildPhase section */
		844FFA9C2C06A97500988F9E /* Embed Watch Content */ = {
			isa = PBXCopyFilesBuildPhase;
			buildActionMask = 2147483647;
			dstPath = "$(CONTENTS_FOLDER_PATH)/Watch";
			dstSubfolderSpec = 16;
			files = (
				844FFA982C06A97500988F9E /* CatsWatch Watch App.app in Embed Watch Content */,
			);
			name = "Embed Watch Content";
			runOnlyForDeploymentPostprocessing = 0;
		};
		84640BC82C12AEEF00DD382A /* Embed Foundation Extensions */ = {
			isa = PBXCopyFilesBuildPhase;
			buildActionMask = 2147483647;
			dstPath = "";
			dstSubfolderSpec = 13;
			files = (
			);
			name = "Embed Foundation Extensions";
			runOnlyForDeploymentPostprocessing = 0;
		};
/* End PBXCopyFilesBuildPhase section */

/* Begin PBXFileReference section */
		844FFA6D2C06A34400988F9E /* ErrorManager.swift */ = {isa = PBXFileReference; lastKnownFileType = sourcecode.swift; path = ErrorManager.swift; sourceTree = "<group>"; };
		844FFA6F2C06A60400988F9E /* MainView.swift */ = {isa = PBXFileReference; lastKnownFileType = sourcecode.swift; path = MainView.swift; sourceTree = "<group>"; };
		844FFA752C06A97400988F9E /* CatsWatch Watch App.app */ = {isa = PBXFileReference; explicitFileType = wrapper.application; includeInIndex = 0; path = "CatsWatch Watch App.app"; sourceTree = BUILT_PRODUCTS_DIR; };
		844FFA772C06A97400988F9E /* CatsWatchApp.swift */ = {isa = PBXFileReference; lastKnownFileType = sourcecode.swift; path = CatsWatchApp.swift; sourceTree = "<group>"; };
		844FFA792C06A97400988F9E /* WatchView.swift */ = {isa = PBXFileReference; lastKnownFileType = sourcecode.swift; path = WatchView.swift; sourceTree = "<group>"; };
		844FFA7B2C06A97500988F9E /* Assets.xcassets */ = {isa = PBXFileReference; lastKnownFileType = folder.assetcatalog; path = Assets.xcassets; sourceTree = "<group>"; };
		844FFA7E2C06A97500988F9E /* Preview Assets.xcassets */ = {isa = PBXFileReference; lastKnownFileType = folder.assetcatalog; path = "Preview Assets.xcassets"; sourceTree = "<group>"; };
		844FFA842C06A97500988F9E /* CatsWatch Watch AppTests.xctest */ = {isa = PBXFileReference; explicitFileType = wrapper.cfbundle; includeInIndex = 0; path = "CatsWatch Watch AppTests.xctest"; sourceTree = BUILT_PRODUCTS_DIR; };
		844FFA882C06A97500988F9E /* CatsWatch_Watch_AppTests.swift */ = {isa = PBXFileReference; lastKnownFileType = sourcecode.swift; path = CatsWatch_Watch_AppTests.swift; sourceTree = "<group>"; };
		844FFA8E2C06A97500988F9E /* CatsWatch Watch AppUITests.xctest */ = {isa = PBXFileReference; explicitFileType = wrapper.cfbundle; includeInIndex = 0; path = "CatsWatch Watch AppUITests.xctest"; sourceTree = BUILT_PRODUCTS_DIR; };
		844FFA922C06A97500988F9E /* CatsWatch_Watch_AppUITests.swift */ = {isa = PBXFileReference; lastKnownFileType = sourcecode.swift; path = CatsWatch_Watch_AppUITests.swift; sourceTree = "<group>"; };
		844FFA942C06A97500988F9E /* CatsWatch_Watch_AppUITestsLaunchTests.swift */ = {isa = PBXFileReference; lastKnownFileType = sourcecode.swift; path = CatsWatch_Watch_AppUITestsLaunchTests.swift; sourceTree = "<group>"; };
		844FFAA72C06AA9600988F9E /* CatsVision.app */ = {isa = PBXFileReference; explicitFileType = wrapper.application; includeInIndex = 0; path = CatsVision.app; sourceTree = BUILT_PRODUCTS_DIR; };
		844FFAAA2C06AA9600988F9E /* RealityKitContent */ = {isa = PBXFileReference; lastKnownFileType = wrapper; path = RealityKitContent; sourceTree = "<group>"; };
		844FFAAD2C06AA9700988F9E /* CatsVisionApp.swift */ = {isa = PBXFileReference; lastKnownFileType = sourcecode.swift; path = CatsVisionApp.swift; sourceTree = "<group>"; };
		844FFAAF2C06AA9700988F9E /* ContentView.swift */ = {isa = PBXFileReference; lastKnownFileType = sourcecode.swift; path = ContentView.swift; sourceTree = "<group>"; };
		844FFAB12C06AA9700988F9E /* ImmersiveView.swift */ = {isa = PBXFileReference; lastKnownFileType = sourcecode.swift; path = ImmersiveView.swift; sourceTree = "<group>"; };
		844FFAB32C06AA9700988F9E /* ImageBasedLighting.skybox */ = {isa = PBXFileReference; lastKnownFileType = file.skybox; path = ImageBasedLighting.skybox; sourceTree = "<group>"; };
		844FFAB52C06AA9900988F9E /* Assets.xcassets */ = {isa = PBXFileReference; lastKnownFileType = folder.assetcatalog; path = Assets.xcassets; sourceTree = "<group>"; };
		844FFAB82C06AA9900988F9E /* Preview Assets.xcassets */ = {isa = PBXFileReference; lastKnownFileType = folder.assetcatalog; path = "Preview Assets.xcassets"; sourceTree = "<group>"; };
		844FFABA2C06AA9900988F9E /* Info.plist */ = {isa = PBXFileReference; lastKnownFileType = text.plist.xml; path = Info.plist; sourceTree = "<group>"; };
		844FFABF2C06AA9900988F9E /* CatsVisionTests.xctest */ = {isa = PBXFileReference; explicitFileType = wrapper.cfbundle; includeInIndex = 0; path = CatsVisionTests.xctest; sourceTree = BUILT_PRODUCTS_DIR; };
		844FFAC32C06AA9900988F9E /* CatsVisionTests.swift */ = {isa = PBXFileReference; lastKnownFileType = sourcecode.swift; path = CatsVisionTests.swift; sourceTree = "<group>"; };
		84640BA02C11DE0E00DD382A /* FontListView.swift */ = {isa = PBXFileReference; lastKnownFileType = sourcecode.swift; path = FontListView.swift; sourceTree = "<group>"; };
		84640BA22C11DE9200DD382A /* FontManager.swift */ = {isa = PBXFileReference; lastKnownFileType = sourcecode.swift; path = FontManager.swift; sourceTree = "<group>"; };
		84640BA42C11DEEE00DD382A /* CustomFontModifier.swift */ = {isa = PBXFileReference; lastKnownFileType = sourcecode.swift; path = CustomFontModifier.swift; sourceTree = "<group>"; };
		84640BA62C11FB1100DD382A /* SettingsView.swift */ = {isa = PBXFileReference; lastKnownFileType = sourcecode.swift; path = SettingsView.swift; sourceTree = "<group>"; };
		84640BA82C12204900DD382A /* ColorsManager.swift */ = {isa = PBXFileReference; lastKnownFileType = sourcecode.swift; path = ColorsManager.swift; sourceTree = "<group>"; };
		84640BAC2C12A5AA00DD382A /* View+SafeArea.swift */ = {isa = PBXFileReference; lastKnownFileType = sourcecode.swift; path = "View+SafeArea.swift"; sourceTree = "<group>"; };
		84640BB42C12AEED00DD382A /* WidgetKit.framework */ = {isa = PBXFileReference; lastKnownFileType = wrapper.framework; name = WidgetKit.framework; path = System/Library/Frameworks/WidgetKit.framework; sourceTree = SDKROOT; };
		84640BB62C12AEED00DD382A /* SwiftUI.framework */ = {isa = PBXFileReference; lastKnownFileType = wrapper.framework; name = SwiftUI.framework; path = System/Library/Frameworks/SwiftUI.framework; sourceTree = SDKROOT; };
		846A06552C13526C001AAD60 /* WatchViewModel.swift */ = {isa = PBXFileReference; lastKnownFileType = sourcecode.swift; path = WatchViewModel.swift; sourceTree = "<group>"; };
		8478B3742C11792D001ED1C7 /* APIManager.swift */ = {isa = PBXFileReference; lastKnownFileType = sourcecode.swift; path = APIManager.swift; sourceTree = "<group>"; };
		84C7ECD52B90ACFB002A8834 /* DetailView.swift */ = {isa = PBXFileReference; lastKnownFileType = sourcecode.swift; path = DetailView.swift; sourceTree = "<group>"; };
		84C7ECD92B91030F002A8834 /* Info.plist */ = {isa = PBXFileReference; lastKnownFileType = text.plist; path = Info.plist; sourceTree = "<group>"; };
		84C7ECDA2B910705002A8834 /* Launch Screen.storyboard */ = {isa = PBXFileReference; lastKnownFileType = file.storyboard; path = "Launch Screen.storyboard"; sourceTree = "<group>"; };
		84C7ECE02B910EC2002A8834 /* CatsTests.xctest */ = {isa = PBXFileReference; explicitFileType = wrapper.cfbundle; includeInIndex = 0; path = CatsTests.xctest; sourceTree = BUILT_PRODUCTS_DIR; };
		84C7ECE22B910EC2002A8834 /* CatsTests.swift */ = {isa = PBXFileReference; lastKnownFileType = sourcecode.swift; path = CatsTests.swift; sourceTree = "<group>"; };
		84E011012C0F371000C08090 /* FeedViewModel.swift */ = {isa = PBXFileReference; lastKnownFileType = sourcecode.swift; path = FeedViewModel.swift; sourceTree = "<group>"; };
		84E5D4152B89891100A24ABF /* Cats.app */ = {isa = PBXFileReference; explicitFileType = wrapper.application; includeInIndex = 0; path = Cats.app; sourceTree = BUILT_PRODUCTS_DIR; };
		84E5D4182B89891100A24ABF /* CatsApp.swift */ = {isa = PBXFileReference; lastKnownFileType = sourcecode.swift; path = CatsApp.swift; sourceTree = "<group>"; };
		84E5D41A2B89891100A24ABF /* FeedView.swift */ = {isa = PBXFileReference; lastKnownFileType = sourcecode.swift; path = FeedView.swift; sourceTree = "<group>"; };
		84E5D41C2B89891200A24ABF /* Assets.xcassets */ = {isa = PBXFileReference; lastKnownFileType = folder.assetcatalog; path = Assets.xcassets; sourceTree = "<group>"; };
		84E5D41E2B89891200A24ABF /* Cats.entitlements */ = {isa = PBXFileReference; lastKnownFileType = text.plist.entitlements; path = Cats.entitlements; sourceTree = "<group>"; };
		84E5D4202B89891200A24ABF /* Preview Assets.xcassets */ = {isa = PBXFileReference; lastKnownFileType = folder.assetcatalog; path = "Preview Assets.xcassets"; sourceTree = "<group>"; };
		84E5D4282B8AC38D00A24ABF /* ImageCache.swift */ = {isa = PBXFileReference; lastKnownFileType = sourcecode.swift; path = ImageCache.swift; sourceTree = "<group>"; };
		84E5D42A2B8CF94C00A24ABF /* TagsView.swift */ = {isa = PBXFileReference; lastKnownFileType = sourcecode.swift; path = TagsView.swift; sourceTree = "<group>"; };
		84E5D42F2B8F3E3B00A24ABF /* Cat.swift */ = {isa = PBXFileReference; lastKnownFileType = sourcecode.swift; path = Cat.swift; sourceTree = "<group>"; };
		84E5D4312B8F3E5600A24ABF /* Cat+Likes.swift */ = {isa = PBXFileReference; lastKnownFileType = sourcecode.swift; path = "Cat+Likes.swift"; sourceTree = "<group>"; };
		84E5D4342B8F3E9000A24ABF /* CatService.swift */ = {isa = PBXFileReference; lastKnownFileType = sourcecode.swift; path = CatService.swift; sourceTree = "<group>"; };
		84E5D4372B8F406B00A24ABF /* CatCard.swift */ = {isa = PBXFileReference; lastKnownFileType = sourcecode.swift; path = CatCard.swift; sourceTree = "<group>"; };
		84E5D4392B8F410200A24ABF /* TagLayout.swift */ = {isa = PBXFileReference; lastKnownFileType = sourcecode.swift; path = TagLayout.swift; sourceTree = "<group>"; };
		84E5D43B2B8F413300A24ABF /* TagView.swift */ = {isa = PBXFileReference; lastKnownFileType = sourcecode.swift; path = TagView.swift; sourceTree = "<group>"; };
		84E5D43D2B8F423F00A24ABF /* TagsMenu.swift */ = {isa = PBXFileReference; lastKnownFileType = sourcecode.swift; path = TagsMenu.swift; sourceTree = "<group>"; };
		84F405BC2C109283006E69DD /* FavoritesView.swift */ = {isa = PBXFileReference; lastKnownFileType = sourcecode.swift; path = FavoritesView.swift; sourceTree = "<group>"; };
		84F405BE2C1096F2006E69DD /* FavoriteCatCard.swift */ = {isa = PBXFileReference; lastKnownFileType = sourcecode.swift; path = FavoriteCatCard.swift; sourceTree = "<group>"; };
		84F405C02C10B467006E69DD /* DetailViewModel.swift */ = {isa = PBXFileReference; lastKnownFileType = sourcecode.swift; path = DetailViewModel.swift; sourceTree = "<group>"; };
/* End PBXFileReference section */

/* Begin PBXFrameworksBuildPhase section */
		844FFA722C06A97400988F9E /* Frameworks */ = {
			isa = PBXFrameworksBuildPhase;
			buildActionMask = 2147483647;
			files = (
			);
			runOnlyForDeploymentPostprocessing = 0;
		};
		844FFA812C06A97500988F9E /* Frameworks */ = {
			isa = PBXFrameworksBuildPhase;
			buildActionMask = 2147483647;
			files = (
			);
			runOnlyForDeploymentPostprocessing = 0;
		};
		844FFA8B2C06A97500988F9E /* Frameworks */ = {
			isa = PBXFrameworksBuildPhase;
			buildActionMask = 2147483647;
			files = (
			);
			runOnlyForDeploymentPostprocessing = 0;
		};
		844FFAA42C06AA9600988F9E /* Frameworks */ = {
			isa = PBXFrameworksBuildPhase;
			buildActionMask = 2147483647;
			files = (
				844FFAAC2C06AA9700988F9E /* RealityKitContent in Frameworks */,
			);
			runOnlyForDeploymentPostprocessing = 0;
		};
		844FFABC2C06AA9900988F9E /* Frameworks */ = {
			isa = PBXFrameworksBuildPhase;
			buildActionMask = 2147483647;
			files = (
			);
			runOnlyForDeploymentPostprocessing = 0;
		};
		84C7ECDD2B910EC2002A8834 /* Frameworks */ = {
			isa = PBXFrameworksBuildPhase;
			buildActionMask = 2147483647;
			files = (
			);
			runOnlyForDeploymentPostprocessing = 0;
		};
		84E5D4122B89891100A24ABF /* Frameworks */ = {
			isa = PBXFrameworksBuildPhase;
			buildActionMask = 2147483647;
			files = (
			);
			runOnlyForDeploymentPostprocessing = 0;
		};
/* End PBXFrameworksBuildPhase section */

/* Begin PBXGroup section */
		844FFA662C06A10100988F9E /* Managers */ = {
			isa = PBXGroup;
			children = (
				8478B3742C11792D001ED1C7 /* APIManager.swift */,
				84E5D4342B8F3E9000A24ABF /* CatService.swift */,
				844FFA6D2C06A34400988F9E /* ErrorManager.swift */,
				84640BA22C11DE9200DD382A /* FontManager.swift */,
				84640BA82C12204900DD382A /* ColorsManager.swift */,
			);
			path = Managers;
			sourceTree = "<group>";
		};
		844FFA672C06A10A00988F9E /* Components */ = {
			isa = PBXGroup;
			children = (
				84E011032C0F373800C08090 /* Tags */,
			);
			path = Components;
			sourceTree = "<group>";
		};
		844FFA762C06A97400988F9E /* CatsWatch Watch App */ = {
			isa = PBXGroup;
			children = (
				844FFA772C06A97400988F9E /* CatsWatchApp.swift */,
				844FFA792C06A97400988F9E /* WatchView.swift */,
				846A06552C13526C001AAD60 /* WatchViewModel.swift */,
				844FFA7B2C06A97500988F9E /* Assets.xcassets */,
				844FFA7D2C06A97500988F9E /* Preview Content */,
			);
			path = "CatsWatch Watch App";
			sourceTree = "<group>";
		};
		844FFA7D2C06A97500988F9E /* Preview Content */ = {
			isa = PBXGroup;
			children = (
				844FFA7E2C06A97500988F9E /* Preview Assets.xcassets */,
			);
			path = "Preview Content";
			sourceTree = "<group>";
		};
		844FFA872C06A97500988F9E /* CatsWatch Watch AppTests */ = {
			isa = PBXGroup;
			children = (
				844FFA882C06A97500988F9E /* CatsWatch_Watch_AppTests.swift */,
			);
			path = "CatsWatch Watch AppTests";
			sourceTree = "<group>";
		};
		844FFA912C06A97500988F9E /* CatsWatch Watch AppUITests */ = {
			isa = PBXGroup;
			children = (
				844FFA922C06A97500988F9E /* CatsWatch_Watch_AppUITests.swift */,
				844FFA942C06A97500988F9E /* CatsWatch_Watch_AppUITestsLaunchTests.swift */,
			);
			path = "CatsWatch Watch AppUITests";
			sourceTree = "<group>";
		};
		844FFAA82C06AA9600988F9E /* CatsVision */ = {
			isa = PBXGroup;
			children = (
				844FFAAD2C06AA9700988F9E /* CatsVisionApp.swift */,
				844FFAAF2C06AA9700988F9E /* ContentView.swift */,
				844FFAB12C06AA9700988F9E /* ImmersiveView.swift */,
				844FFAB32C06AA9700988F9E /* ImageBasedLighting.skybox */,
				844FFAB52C06AA9900988F9E /* Assets.xcassets */,
				844FFABA2C06AA9900988F9E /* Info.plist */,
				844FFAB72C06AA9900988F9E /* Preview Content */,
			);
			path = CatsVision;
			sourceTree = "<group>";
		};
		844FFAA92C06AA9600988F9E /* Packages */ = {
			isa = PBXGroup;
			children = (
				844FFAAA2C06AA9600988F9E /* RealityKitContent */,
			);
			path = Packages;
			sourceTree = "<group>";
		};
		844FFAB72C06AA9900988F9E /* Preview Content */ = {
			isa = PBXGroup;
			children = (
				844FFAB82C06AA9900988F9E /* Preview Assets.xcassets */,
			);
			path = "Preview Content";
			sourceTree = "<group>";
		};
		844FFAC22C06AA9900988F9E /* CatsVisionTests */ = {
			isa = PBXGroup;
			children = (
				844FFAC32C06AA9900988F9E /* CatsVisionTests.swift */,
			);
			path = CatsVisionTests;
			sourceTree = "<group>";
		};
		84640B9E2C11DBAC00DD382A /* Theme */ = {
			isa = PBXGroup;
			children = (
				84640B9F2C11DBB500DD382A /* ViewModifiers */,
			);
			path = Theme;
			sourceTree = "<group>";
		};
		84640B9F2C11DBB500DD382A /* ViewModifiers */ = {
			isa = PBXGroup;
			children = (
				84640BA42C11DEEE00DD382A /* CustomFontModifier.swift */,
			);
			path = ViewModifiers;
			sourceTree = "<group>";
		};
		84640BAA2C12982500DD382A /* DetailView */ = {
			isa = PBXGroup;
			children = (
				84C7ECD52B90ACFB002A8834 /* DetailView.swift */,
				84F405C02C10B467006E69DD /* DetailViewModel.swift */,
			);
			path = DetailView;
			sourceTree = "<group>";
		};
		84640BAB2C1298BC00DD382A /* Subviews */ = {
			isa = PBXGroup;
			children = (
				84F405BE2C1096F2006E69DD /* FavoriteCatCard.swift */,
			);
			path = Subviews;
			sourceTree = "<group>";
		};
		84640BB32C12AEED00DD382A /* Frameworks */ = {
			isa = PBXGroup;
			children = (
				84640BB42C12AEED00DD382A /* WidgetKit.framework */,
				84640BB62C12AEED00DD382A /* SwiftUI.framework */,
			);
			name = Frameworks;
			sourceTree = "<group>";
		};
		84C7ECE12B910EC2002A8834 /* CatsTests */ = {
			isa = PBXGroup;
			children = (
				84C7ECE22B910EC2002A8834 /* CatsTests.swift */,
			);
			path = CatsTests;
			sourceTree = "<group>";
		};
		84E010FE2C0F36ED00C08090 /* Feed */ = {
			isa = PBXGroup;
			children = (
				84E5D41A2B89891100A24ABF /* FeedView.swift */,
				84E011012C0F371000C08090 /* FeedViewModel.swift */,
				84E011002C0F36FF00C08090 /* Subviews */,
			);
			path = Feed;
			sourceTree = "<group>";
		};
		84E011002C0F36FF00C08090 /* Subviews */ = {
			isa = PBXGroup;
			children = (
				84E5D4372B8F406B00A24ABF /* CatCard.swift */,
			);
			path = Subviews;
			sourceTree = "<group>";
		};
		84E011032C0F373800C08090 /* Tags */ = {
			isa = PBXGroup;
			children = (
				84E5D43B2B8F413300A24ABF /* TagView.swift */,
				84E5D42A2B8CF94C00A24ABF /* TagsView.swift */,
				84E5D43D2B8F423F00A24ABF /* TagsMenu.swift */,
			);
			path = Tags;
			sourceTree = "<group>";
		};
		84E011042C0F37FC00C08090 /* Settings */ = {
			isa = PBXGroup;
			children = (
				84640BA02C11DE0E00DD382A /* FontListView.swift */,
				84640BA62C11FB1100DD382A /* SettingsView.swift */,
			);
			path = Settings;
			sourceTree = "<group>";
		};
		84E011052C0F380300C08090 /* Favorites */ = {
			isa = PBXGroup;
			children = (
				84F405BC2C109283006E69DD /* FavoritesView.swift */,
				84640BAB2C1298BC00DD382A /* Subviews */,
			);
			path = Favorites;
			sourceTree = "<group>";
		};
		84E5D40C2B89891100A24ABF = {
			isa = PBXGroup;
			children = (
				84E5D4172B89891100A24ABF /* Cats */,
				84C7ECE12B910EC2002A8834 /* CatsTests */,
				844FFA762C06A97400988F9E /* CatsWatch Watch App */,
				844FFA872C06A97500988F9E /* CatsWatch Watch AppTests */,
				844FFA912C06A97500988F9E /* CatsWatch Watch AppUITests */,
				844FFAA82C06AA9600988F9E /* CatsVision */,
				844FFAA92C06AA9600988F9E /* Packages */,
				844FFAC22C06AA9900988F9E /* CatsVisionTests */,
				84640BB32C12AEED00DD382A /* Frameworks */,
				84E5D4162B89891100A24ABF /* Products */,
			);
			sourceTree = "<group>";
		};
		84E5D4162B89891100A24ABF /* Products */ = {
			isa = PBXGroup;
			children = (
				84E5D4152B89891100A24ABF /* Cats.app */,
				84C7ECE02B910EC2002A8834 /* CatsTests.xctest */,
				844FFA752C06A97400988F9E /* CatsWatch Watch App.app */,
				844FFA842C06A97500988F9E /* CatsWatch Watch AppTests.xctest */,
				844FFA8E2C06A97500988F9E /* CatsWatch Watch AppUITests.xctest */,
				844FFAA72C06AA9600988F9E /* CatsVision.app */,
				844FFABF2C06AA9900988F9E /* CatsVisionTests.xctest */,
			);
			name = Products;
			sourceTree = "<group>";
		};
		84E5D4172B89891100A24ABF /* Cats */ = {
			isa = PBXGroup;
			children = (
				84C7ECD92B91030F002A8834 /* Info.plist */,
				84E5D4182B89891100A24ABF /* CatsApp.swift */,
				844FFA6F2C06A60400988F9E /* MainView.swift */,
				844FFA672C06A10A00988F9E /* Components */,
				844FFA662C06A10100988F9E /* Managers */,
				84E5D4362B8F403D00A24ABF /* Views */,
				84E5D42E2B8F3E2E00A24ABF /* Models */,
				84E5D4272B8AC37F00A24ABF /* Helpers */,
				84E5D41C2B89891200A24ABF /* Assets.xcassets */,
				84C7ECDA2B910705002A8834 /* Launch Screen.storyboard */,
				84E5D41E2B89891200A24ABF /* Cats.entitlements */,
				84E5D41F2B89891200A24ABF /* Preview Content */,
			);
			path = Cats;
			sourceTree = "<group>";
		};
		84E5D41F2B89891200A24ABF /* Preview Content */ = {
			isa = PBXGroup;
			children = (
				84E5D4202B89891200A24ABF /* Preview Assets.xcassets */,
			);
			path = "Preview Content";
			sourceTree = "<group>";
		};
		84E5D4272B8AC37F00A24ABF /* Helpers */ = {
			isa = PBXGroup;
			children = (
				84640B9E2C11DBAC00DD382A /* Theme */,
				84E5D4282B8AC38D00A24ABF /* ImageCache.swift */,
				84E5D4392B8F410200A24ABF /* TagLayout.swift */,
				84640BAC2C12A5AA00DD382A /* View+SafeArea.swift */,
			);
			path = Helpers;
			sourceTree = "<group>";
		};
		84E5D42E2B8F3E2E00A24ABF /* Models */ = {
			isa = PBXGroup;
			children = (
				84E5D4332B8F3E8100A24ABF /* Cat */,
			);
			path = Models;
			sourceTree = "<group>";
		};
		84E5D4332B8F3E8100A24ABF /* Cat */ = {
			isa = PBXGroup;
			children = (
				84E5D42F2B8F3E3B00A24ABF /* Cat.swift */,
				84E5D4312B8F3E5600A24ABF /* Cat+Likes.swift */,
			);
			path = Cat;
			sourceTree = "<group>";
		};
		84E5D4362B8F403D00A24ABF /* Views */ = {
			isa = PBXGroup;
			children = (
				84640BAA2C12982500DD382A /* DetailView */,
				84E011052C0F380300C08090 /* Favorites */,
				84E011042C0F37FC00C08090 /* Settings */,
				84E010FE2C0F36ED00C08090 /* Feed */,
			);
			path = Views;
			sourceTree = "<group>";
		};
/* End PBXGroup section */

/* Begin PBXNativeTarget section */
		844FFA742C06A97400988F9E /* CatsWatch Watch App */ = {
			isa = PBXNativeTarget;
			buildConfigurationList = 844FFA992C06A97500988F9E /* Build configuration list for PBXNativeTarget "CatsWatch Watch App" */;
			buildPhases = (
				844FFA712C06A97400988F9E /* Sources */,
				844FFA722C06A97400988F9E /* Frameworks */,
				844FFA732C06A97400988F9E /* Resources */,
			);
			buildRules = (
			);
			dependencies = (
			);
			name = "CatsWatch Watch App";
			productName = "CatsWatch Watch App";
			productReference = 844FFA752C06A97400988F9E /* CatsWatch Watch App.app */;
			productType = "com.apple.product-type.application";
		};
		844FFA832C06A97500988F9E /* CatsWatch Watch AppTests */ = {
			isa = PBXNativeTarget;
			buildConfigurationList = 844FFA9D2C06A97500988F9E /* Build configuration list for PBXNativeTarget "CatsWatch Watch AppTests" */;
			buildPhases = (
				844FFA802C06A97500988F9E /* Sources */,
				844FFA812C06A97500988F9E /* Frameworks */,
				844FFA822C06A97500988F9E /* Resources */,
			);
			buildRules = (
			);
			dependencies = (
				844FFA862C06A97500988F9E /* PBXTargetDependency */,
			);
			name = "CatsWatch Watch AppTests";
			productName = "CatsWatch Watch AppTests";
			productReference = 844FFA842C06A97500988F9E /* CatsWatch Watch AppTests.xctest */;
			productType = "com.apple.product-type.bundle.unit-test";
		};
		844FFA8D2C06A97500988F9E /* CatsWatch Watch AppUITests */ = {
			isa = PBXNativeTarget;
			buildConfigurationList = 844FFAA02C06A97500988F9E /* Build configuration list for PBXNativeTarget "CatsWatch Watch AppUITests" */;
			buildPhases = (
				844FFA8A2C06A97500988F9E /* Sources */,
				844FFA8B2C06A97500988F9E /* Frameworks */,
				844FFA8C2C06A97500988F9E /* Resources */,
			);
			buildRules = (
			);
			dependencies = (
				844FFA902C06A97500988F9E /* PBXTargetDependency */,
			);
			name = "CatsWatch Watch AppUITests";
			productName = "CatsWatch Watch AppUITests";
			productReference = 844FFA8E2C06A97500988F9E /* CatsWatch Watch AppUITests.xctest */;
			productType = "com.apple.product-type.bundle.ui-testing";
		};
		844FFAA62C06AA9600988F9E /* CatsVision */ = {
			isa = PBXNativeTarget;
			buildConfigurationList = 844FFAC52C06AA9900988F9E /* Build configuration list for PBXNativeTarget "CatsVision" */;
			buildPhases = (
				844FFAA32C06AA9600988F9E /* Sources */,
				844FFAA42C06AA9600988F9E /* Frameworks */,
				844FFAA52C06AA9600988F9E /* Resources */,
			);
			buildRules = (
			);
			dependencies = (
			);
			name = CatsVision;
			packageProductDependencies = (
				844FFAAB2C06AA9700988F9E /* RealityKitContent */,
			);
			productName = CatsVision;
			productReference = 844FFAA72C06AA9600988F9E /* CatsVision.app */;
			productType = "com.apple.product-type.application";
		};
		844FFABE2C06AA9900988F9E /* CatsVisionTests */ = {
			isa = PBXNativeTarget;
			buildConfigurationList = 844FFAC82C06AA9900988F9E /* Build configuration list for PBXNativeTarget "CatsVisionTests" */;
			buildPhases = (
				844FFABB2C06AA9900988F9E /* Sources */,
				844FFABC2C06AA9900988F9E /* Frameworks */,
				844FFABD2C06AA9900988F9E /* Resources */,
			);
			buildRules = (
			);
			dependencies = (
				844FFAC12C06AA9900988F9E /* PBXTargetDependency */,
			);
			name = CatsVisionTests;
			productName = CatsVisionTests;
			productReference = 844FFABF2C06AA9900988F9E /* CatsVisionTests.xctest */;
			productType = "com.apple.product-type.bundle.unit-test";
		};
		84C7ECDF2B910EC2002A8834 /* CatsTests */ = {
			isa = PBXNativeTarget;
			buildConfigurationList = 84C7ECE62B910EC2002A8834 /* Build configuration list for PBXNativeTarget "CatsTests" */;
			buildPhases = (
				84C7ECDC2B910EC2002A8834 /* Sources */,
				84C7ECDD2B910EC2002A8834 /* Frameworks */,
				84C7ECDE2B910EC2002A8834 /* Resources */,
			);
			buildRules = (
			);
			dependencies = (
				84C7ECE52B910EC2002A8834 /* PBXTargetDependency */,
			);
			name = CatsTests;
			productName = CatsTests;
			productReference = 84C7ECE02B910EC2002A8834 /* CatsTests.xctest */;
			productType = "com.apple.product-type.bundle.unit-test";
		};
		84E5D4142B89891100A24ABF /* Cats */ = {
			isa = PBXNativeTarget;
			buildConfigurationList = 84E5D4242B89891200A24ABF /* Build configuration list for PBXNativeTarget "Cats" */;
			buildPhases = (
				84E5D4112B89891100A24ABF /* Sources */,
				84E5D4122B89891100A24ABF /* Frameworks */,
				84E5D4132B89891100A24ABF /* Resources */,
				844FFA9C2C06A97500988F9E /* Embed Watch Content */,
				84640BC82C12AEEF00DD382A /* Embed Foundation Extensions */,
			);
			buildRules = (
			);
			dependencies = (
				844FFA972C06A97500988F9E /* PBXTargetDependency */,
			);
			name = Cats;
			productName = Cats;
			productReference = 84E5D4152B89891100A24ABF /* Cats.app */;
			productType = "com.apple.product-type.application";
		};
/* End PBXNativeTarget section */

/* Begin PBXProject section */
		84E5D40D2B89891100A24ABF /* Project object */ = {
			isa = PBXProject;
			attributes = {
				BuildIndependentTargetsInParallel = 1;
				LastSwiftUpdateCheck = 1540;
				LastUpgradeCheck = 1540;
				TargetAttributes = {
					844FFA742C06A97400988F9E = {
						CreatedOnToolsVersion = 15.4;
					};
					844FFA832C06A97500988F9E = {
						CreatedOnToolsVersion = 15.4;
						TestTargetID = 844FFA742C06A97400988F9E;
					};
					844FFA8D2C06A97500988F9E = {
						CreatedOnToolsVersion = 15.4;
						TestTargetID = 844FFA742C06A97400988F9E;
					};
					844FFAA62C06AA9600988F9E = {
						CreatedOnToolsVersion = 15.4;
					};
					844FFABE2C06AA9900988F9E = {
						CreatedOnToolsVersion = 15.4;
						TestTargetID = 844FFAA62C06AA9600988F9E;
					};
					84C7ECDF2B910EC2002A8834 = {
						CreatedOnToolsVersion = 15.2;
						TestTargetID = 84E5D4142B89891100A24ABF;
					};
					84E5D4142B89891100A24ABF = {
						CreatedOnToolsVersion = 15.2;
					};
				};
			};
			buildConfigurationList = 84E5D4102B89891100A24ABF /* Build configuration list for PBXProject "Cats" */;
			compatibilityVersion = "Xcode 14.0";
			developmentRegion = en;
			hasScannedForEncodings = 0;
			knownRegions = (
				en,
				Base,
			);
			mainGroup = 84E5D40C2B89891100A24ABF;
			productRefGroup = 84E5D4162B89891100A24ABF /* Products */;
			projectDirPath = "";
			projectRoot = "";
			targets = (
				84E5D4142B89891100A24ABF /* Cats */,
				84C7ECDF2B910EC2002A8834 /* CatsTests */,
				844FFA742C06A97400988F9E /* CatsWatch Watch App */,
				844FFA832C06A97500988F9E /* CatsWatch Watch AppTests */,
				844FFA8D2C06A97500988F9E /* CatsWatch Watch AppUITests */,
				844FFAA62C06AA9600988F9E /* CatsVision */,
				844FFABE2C06AA9900988F9E /* CatsVisionTests */,
			);
		};
/* End PBXProject section */

/* Begin PBXResourcesBuildPhase section */
		844FFA732C06A97400988F9E /* Resources */ = {
			isa = PBXResourcesBuildPhase;
			buildActionMask = 2147483647;
			files = (
				844FFA7F2C06A97500988F9E /* Preview Assets.xcassets in Resources */,
				844FFA7C2C06A97500988F9E /* Assets.xcassets in Resources */,
			);
			runOnlyForDeploymentPostprocessing = 0;
		};
		844FFA822C06A97500988F9E /* Resources */ = {
			isa = PBXResourcesBuildPhase;
			buildActionMask = 2147483647;
			files = (
			);
			runOnlyForDeploymentPostprocessing = 0;
		};
		844FFA8C2C06A97500988F9E /* Resources */ = {
			isa = PBXResourcesBuildPhase;
			buildActionMask = 2147483647;
			files = (
			);
			runOnlyForDeploymentPostprocessing = 0;
		};
		844FFAA52C06AA9600988F9E /* Resources */ = {
			isa = PBXResourcesBuildPhase;
			buildActionMask = 2147483647;
			files = (
				844FFAB62C06AA9900988F9E /* Assets.xcassets in Resources */,
				844FFAB92C06AA9900988F9E /* Preview Assets.xcassets in Resources */,
				844FFAB42C06AA9700988F9E /* ImageBasedLighting.skybox in Resources */,
			);
			runOnlyForDeploymentPostprocessing = 0;
		};
		844FFABD2C06AA9900988F9E /* Resources */ = {
			isa = PBXResourcesBuildPhase;
			buildActionMask = 2147483647;
			files = (
			);
			runOnlyForDeploymentPostprocessing = 0;
		};
		84C7ECDE2B910EC2002A8834 /* Resources */ = {
			isa = PBXResourcesBuildPhase;
			buildActionMask = 2147483647;
			files = (
			);
			runOnlyForDeploymentPostprocessing = 0;
		};
		84E5D4132B89891100A24ABF /* Resources */ = {
			isa = PBXResourcesBuildPhase;
			buildActionMask = 2147483647;
			files = (
				84C7ECDB2B910705002A8834 /* Launch Screen.storyboard in Resources */,
				84E5D4212B89891200A24ABF /* Preview Assets.xcassets in Resources */,
				84E5D41D2B89891200A24ABF /* Assets.xcassets in Resources */,
			);
			runOnlyForDeploymentPostprocessing = 0;
		};
/* End PBXResourcesBuildPhase section */

/* Begin PBXSourcesBuildPhase section */
		844FFA712C06A97400988F9E /* Sources */ = {
			isa = PBXSourcesBuildPhase;
			buildActionMask = 2147483647;
			files = (
				846A06532C134E2E001AAD60 /* APIManager.swift in Sources */,
				846A06512C134DD7001AAD60 /* CatService.swift in Sources */,
				846A06562C13526C001AAD60 /* WatchViewModel.swift in Sources */,
				846A064F2C13476F001AAD60 /* ImageCache.swift in Sources */,
				846A06522C134E1F001AAD60 /* Cat.swift in Sources */,
				844FFA7A2C06A97400988F9E /* WatchView.swift in Sources */,
				844FFA782C06A97400988F9E /* CatsWatchApp.swift in Sources */,
			);
			runOnlyForDeploymentPostprocessing = 0;
		};
		844FFA802C06A97500988F9E /* Sources */ = {
			isa = PBXSourcesBuildPhase;
			buildActionMask = 2147483647;
			files = (
				844FFA892C06A97500988F9E /* CatsWatch_Watch_AppTests.swift in Sources */,
			);
			runOnlyForDeploymentPostprocessing = 0;
		};
		844FFA8A2C06A97500988F9E /* Sources */ = {
			isa = PBXSourcesBuildPhase;
			buildActionMask = 2147483647;
			files = (
				844FFA932C06A97500988F9E /* CatsWatch_Watch_AppUITests.swift in Sources */,
				844FFA952C06A97500988F9E /* CatsWatch_Watch_AppUITestsLaunchTests.swift in Sources */,
			);
			runOnlyForDeploymentPostprocessing = 0;
		};
		844FFAA32C06AA9600988F9E /* Sources */ = {
			isa = PBXSourcesBuildPhase;
			buildActionMask = 2147483647;
			files = (
				844FFAB02C06AA9700988F9E /* ContentView.swift in Sources */,
				844FFAAE2C06AA9700988F9E /* CatsVisionApp.swift in Sources */,
				844FFAB22C06AA9700988F9E /* ImmersiveView.swift in Sources */,
			);
			runOnlyForDeploymentPostprocessing = 0;
		};
		844FFABB2C06AA9900988F9E /* Sources */ = {
			isa = PBXSourcesBuildPhase;
			buildActionMask = 2147483647;
			files = (
				844FFAC42C06AA9900988F9E /* CatsVisionTests.swift in Sources */,
			);
			runOnlyForDeploymentPostprocessing = 0;
		};
		84C7ECDC2B910EC2002A8834 /* Sources */ = {
			isa = PBXSourcesBuildPhase;
			buildActionMask = 2147483647;
			files = (
				84640B9D2C11D9DB00DD382A /* ErrorManager.swift in Sources */,
				84C7ECEA2B910EFF002A8834 /* Cat+Likes.swift in Sources */,
				84C7ECE92B910EFC002A8834 /* Cat.swift in Sources */,
				8478B3762C11795A001ED1C7 /* APIManager.swift in Sources */,
				84C7ECEB2B910F01002A8834 /* CatService.swift in Sources */,
				84C7ECE32B910EC2002A8834 /* CatsTests.swift in Sources */,
			);
			runOnlyForDeploymentPostprocessing = 0;
		};
		84E5D4112B89891100A24ABF /* Sources */ = {
			isa = PBXSourcesBuildPhase;
			buildActionMask = 2147483647;
			files = (
				84E5D43A2B8F410200A24ABF /* TagLayout.swift in Sources */,
				8478B3752C11792D001ED1C7 /* APIManager.swift in Sources */,
				84E5D4292B8AC38D00A24ABF /* ImageCache.swift in Sources */,
				84640BAD2C12A5AA00DD382A /* View+SafeArea.swift in Sources */,
				84F405BF2C1096F2006E69DD /* FavoriteCatCard.swift in Sources */,
				84E5D43C2B8F413300A24ABF /* TagView.swift in Sources */,
				84E5D4382B8F406B00A24ABF /* CatCard.swift in Sources */,
				84640BA32C11DE9200DD382A /* FontManager.swift in Sources */,
				84640BA52C11DEEE00DD382A /* CustomFontModifier.swift in Sources */,
				84E5D43E2B8F423F00A24ABF /* TagsMenu.swift in Sources */,
				84640BA72C11FB1100DD382A /* SettingsView.swift in Sources */,
				84E5D4302B8F3E3B00A24ABF /* Cat.swift in Sources */,
				84F405BD2C109283006E69DD /* FavoritesView.swift in Sources */,
				84E011022C0F371000C08090 /* FeedViewModel.swift in Sources */,
				84E5D41B2B89891100A24ABF /* FeedView.swift in Sources */,
				844FFA702C06A60500988F9E /* MainView.swift in Sources */,
				84640BA92C12204900DD382A /* ColorsManager.swift in Sources */,
				84640BA12C11DE0E00DD382A /* FontListView.swift in Sources */,
				844FFA6E2C06A34500988F9E /* ErrorManager.swift in Sources */,
				84F405C12C10B467006E69DD /* DetailViewModel.swift in Sources */,
				84E5D4192B89891100A24ABF /* CatsApp.swift in Sources */,
				84E5D42B2B8CF94C00A24ABF /* TagsView.swift in Sources */,
				84E5D4352B8F3E9000A24ABF /* CatService.swift in Sources */,
				84C7ECD62B90ACFB002A8834 /* DetailView.swift in Sources */,
				84E5D4322B8F3E5600A24ABF /* Cat+Likes.swift in Sources */,
			);
			runOnlyForDeploymentPostprocessing = 0;
		};
/* End PBXSourcesBuildPhase section */

/* Begin PBXTargetDependency section */
		844FFA862C06A97500988F9E /* PBXTargetDependency */ = {
			isa = PBXTargetDependency;
			target = 844FFA742C06A97400988F9E /* CatsWatch Watch App */;
			targetProxy = 844FFA852C06A97500988F9E /* PBXContainerItemProxy */;
		};
		844FFA902C06A97500988F9E /* PBXTargetDependency */ = {
			isa = PBXTargetDependency;
			target = 844FFA742C06A97400988F9E /* CatsWatch Watch App */;
			targetProxy = 844FFA8F2C06A97500988F9E /* PBXContainerItemProxy */;
		};
		844FFA972C06A97500988F9E /* PBXTargetDependency */ = {
			isa = PBXTargetDependency;
			target = 844FFA742C06A97400988F9E /* CatsWatch Watch App */;
			targetProxy = 844FFA962C06A97500988F9E /* PBXContainerItemProxy */;
		};
		844FFAC12C06AA9900988F9E /* PBXTargetDependency */ = {
			isa = PBXTargetDependency;
			target = 844FFAA62C06AA9600988F9E /* CatsVision */;
			targetProxy = 844FFAC02C06AA9900988F9E /* PBXContainerItemProxy */;
		};
		84C7ECE52B910EC2002A8834 /* PBXTargetDependency */ = {
			isa = PBXTargetDependency;
			platformFilter = ios;
			target = 84E5D4142B89891100A24ABF /* Cats */;
			targetProxy = 84C7ECE42B910EC2002A8834 /* PBXContainerItemProxy */;
		};
/* End PBXTargetDependency section */

/* Begin XCBuildConfiguration section */
		844FFA9A2C06A97500988F9E /* Debug */ = {
			isa = XCBuildConfiguration;
			buildSettings = {
				ASSETCATALOG_COMPILER_APPICON_NAME = AppIcon;
				ASSETCATALOG_COMPILER_GLOBAL_ACCENT_COLOR_NAME = AccentColor;
				CODE_SIGN_STYLE = Automatic;
				CURRENT_PROJECT_VERSION = 1;
				DEVELOPMENT_ASSET_PATHS = "\"CatsWatch Watch App/Preview Content\"";
				DEVELOPMENT_TEAM = W7764ZQNWC;
				ENABLE_PREVIEWS = YES;
				GENERATE_INFOPLIST_FILE = YES;
				INFOPLIST_KEY_CFBundleDisplayName = CatsWatch;
				INFOPLIST_KEY_UISupportedInterfaceOrientations = "UIInterfaceOrientationPortrait UIInterfaceOrientationPortraitUpsideDown";
				INFOPLIST_KEY_WKCompanionAppBundleIdentifier = dev.edhoru.Cats;
				LD_RUNPATH_SEARCH_PATHS = (
					"$(inherited)",
					"@executable_path/Frameworks",
				);
				MARKETING_VERSION = 1.0;
				PRODUCT_BUNDLE_IDENTIFIER = dev.edhoru.Cats.watchkitapp;
				PRODUCT_NAME = "$(TARGET_NAME)";
				SDKROOT = watchos;
				SKIP_INSTALL = YES;
				SWIFT_EMIT_LOC_STRINGS = YES;
				SWIFT_VERSION = 5.0;
				TARGETED_DEVICE_FAMILY = 4;
				WATCHOS_DEPLOYMENT_TARGET = 10.5;
			};
			name = Debug;
		};
		844FFA9B2C06A97500988F9E /* Release */ = {
			isa = XCBuildConfiguration;
			buildSettings = {
				ASSETCATALOG_COMPILER_APPICON_NAME = AppIcon;
				ASSETCATALOG_COMPILER_GLOBAL_ACCENT_COLOR_NAME = AccentColor;
				CODE_SIGN_STYLE = Automatic;
				CURRENT_PROJECT_VERSION = 1;
				DEVELOPMENT_ASSET_PATHS = "\"CatsWatch Watch App/Preview Content\"";
				DEVELOPMENT_TEAM = W7764ZQNWC;
				ENABLE_PREVIEWS = YES;
				GENERATE_INFOPLIST_FILE = YES;
				INFOPLIST_KEY_CFBundleDisplayName = CatsWatch;
				INFOPLIST_KEY_UISupportedInterfaceOrientations = "UIInterfaceOrientationPortrait UIInterfaceOrientationPortraitUpsideDown";
				INFOPLIST_KEY_WKCompanionAppBundleIdentifier = dev.edhoru.Cats;
				LD_RUNPATH_SEARCH_PATHS = (
					"$(inherited)",
					"@executable_path/Frameworks",
				);
				MARKETING_VERSION = 1.0;
				PRODUCT_BUNDLE_IDENTIFIER = dev.edhoru.Cats.watchkitapp;
				PRODUCT_NAME = "$(TARGET_NAME)";
				SDKROOT = watchos;
				SKIP_INSTALL = YES;
				SWIFT_EMIT_LOC_STRINGS = YES;
				SWIFT_VERSION = 5.0;
				TARGETED_DEVICE_FAMILY = 4;
				VALIDATE_PRODUCT = YES;
				WATCHOS_DEPLOYMENT_TARGET = 10.5;
			};
			name = Release;
		};
		844FFA9E2C06A97500988F9E /* Debug */ = {
			isa = XCBuildConfiguration;
			buildSettings = {
				ALWAYS_EMBED_SWIFT_STANDARD_LIBRARIES = YES;
				BUNDLE_LOADER = "$(TEST_HOST)";
				CODE_SIGN_STYLE = Automatic;
				CURRENT_PROJECT_VERSION = 1;
				DEVELOPMENT_TEAM = W7764ZQNWC;
				GENERATE_INFOPLIST_FILE = YES;
				MARKETING_VERSION = 1.0;
				PRODUCT_BUNDLE_IDENTIFIER = "dev.edhoru.Cats.CatsWatch-Watch-AppTests";
				PRODUCT_NAME = "$(TARGET_NAME)";
				SDKROOT = watchos;
				SWIFT_EMIT_LOC_STRINGS = NO;
				SWIFT_VERSION = 5.0;
				TARGETED_DEVICE_FAMILY = 4;
				TEST_HOST = "$(BUILT_PRODUCTS_DIR)/CatsWatch Watch App.app/$(BUNDLE_EXECUTABLE_FOLDER_PATH)/CatsWatch Watch App";
				WATCHOS_DEPLOYMENT_TARGET = 10.5;
			};
			name = Debug;
		};
		844FFA9F2C06A97500988F9E /* Release */ = {
			isa = XCBuildConfiguration;
			buildSettings = {
				ALWAYS_EMBED_SWIFT_STANDARD_LIBRARIES = YES;
				BUNDLE_LOADER = "$(TEST_HOST)";
				CODE_SIGN_STYLE = Automatic;
				CURRENT_PROJECT_VERSION = 1;
				DEVELOPMENT_TEAM = W7764ZQNWC;
				GENERATE_INFOPLIST_FILE = YES;
				MARKETING_VERSION = 1.0;
				PRODUCT_BUNDLE_IDENTIFIER = "dev.edhoru.Cats.CatsWatch-Watch-AppTests";
				PRODUCT_NAME = "$(TARGET_NAME)";
				SDKROOT = watchos;
				SWIFT_EMIT_LOC_STRINGS = NO;
				SWIFT_VERSION = 5.0;
				TARGETED_DEVICE_FAMILY = 4;
				TEST_HOST = "$(BUILT_PRODUCTS_DIR)/CatsWatch Watch App.app/$(BUNDLE_EXECUTABLE_FOLDER_PATH)/CatsWatch Watch App";
				VALIDATE_PRODUCT = YES;
				WATCHOS_DEPLOYMENT_TARGET = 10.5;
			};
			name = Release;
		};
		844FFAA12C06A97500988F9E /* Debug */ = {
			isa = XCBuildConfiguration;
			buildSettings = {
				ALWAYS_EMBED_SWIFT_STANDARD_LIBRARIES = YES;
				CODE_SIGN_STYLE = Automatic;
				CURRENT_PROJECT_VERSION = 1;
				DEVELOPMENT_TEAM = W7764ZQNWC;
				GENERATE_INFOPLIST_FILE = YES;
				MARKETING_VERSION = 1.0;
				PRODUCT_BUNDLE_IDENTIFIER = "dev.edhoru.Cats.CatsWatch-Watch-AppUITests";
				PRODUCT_NAME = "$(TARGET_NAME)";
				SDKROOT = watchos;
				SWIFT_EMIT_LOC_STRINGS = NO;
				SWIFT_VERSION = 5.0;
				TARGETED_DEVICE_FAMILY = 4;
				TEST_TARGET_NAME = "CatsWatch Watch App";
				WATCHOS_DEPLOYMENT_TARGET = 10.5;
			};
			name = Debug;
		};
		844FFAA22C06A97500988F9E /* Release */ = {
			isa = XCBuildConfiguration;
			buildSettings = {
				ALWAYS_EMBED_SWIFT_STANDARD_LIBRARIES = YES;
				CODE_SIGN_STYLE = Automatic;
				CURRENT_PROJECT_VERSION = 1;
				DEVELOPMENT_TEAM = W7764ZQNWC;
				GENERATE_INFOPLIST_FILE = YES;
				MARKETING_VERSION = 1.0;
				PRODUCT_BUNDLE_IDENTIFIER = "dev.edhoru.Cats.CatsWatch-Watch-AppUITests";
				PRODUCT_NAME = "$(TARGET_NAME)";
				SDKROOT = watchos;
				SWIFT_EMIT_LOC_STRINGS = NO;
				SWIFT_VERSION = 5.0;
				TARGETED_DEVICE_FAMILY = 4;
				TEST_TARGET_NAME = "CatsWatch Watch App";
				VALIDATE_PRODUCT = YES;
				WATCHOS_DEPLOYMENT_TARGET = 10.5;
			};
			name = Release;
		};
		844FFAC62C06AA9900988F9E /* Debug */ = {
			isa = XCBuildConfiguration;
			buildSettings = {
				ASSETCATALOG_COMPILER_APPICON_NAME = AppIcon;
				ASSETCATALOG_COMPILER_GLOBAL_ACCENT_COLOR_NAME = AccentColor;
				CODE_SIGN_STYLE = Automatic;
				CURRENT_PROJECT_VERSION = 1;
				DEVELOPMENT_ASSET_PATHS = "\"CatsVision/Preview Content\"";
				DEVELOPMENT_TEAM = W7764ZQNWC;
				ENABLE_PREVIEWS = YES;
				GENERATE_INFOPLIST_FILE = YES;
				INFOPLIST_FILE = "$(TARGET_NAME)/Info.plist";
				LD_RUNPATH_SEARCH_PATHS = (
					"$(inherited)",
					"@executable_path/Frameworks",
				);
				MARKETING_VERSION = 1.0;
				PRODUCT_BUNDLE_IDENTIFIER = dev.edhoru.Cats.CatsVision;
				PRODUCT_NAME = "$(TARGET_NAME)";
				SDKROOT = xros;
				SUPPORTED_PLATFORMS = "xros xrsimulator";
				SWIFT_EMIT_LOC_STRINGS = YES;
				SWIFT_VERSION = 5.0;
				TARGETED_DEVICE_FAMILY = "1,2,7";
				XROS_DEPLOYMENT_TARGET = 1.2;
			};
			name = Debug;
		};
		844FFAC72C06AA9900988F9E /* Release */ = {
			isa = XCBuildConfiguration;
			buildSettings = {
				ASSETCATALOG_COMPILER_APPICON_NAME = AppIcon;
				ASSETCATALOG_COMPILER_GLOBAL_ACCENT_COLOR_NAME = AccentColor;
				CODE_SIGN_STYLE = Automatic;
				CURRENT_PROJECT_VERSION = 1;
				DEVELOPMENT_ASSET_PATHS = "\"CatsVision/Preview Content\"";
				DEVELOPMENT_TEAM = W7764ZQNWC;
				ENABLE_PREVIEWS = YES;
				GENERATE_INFOPLIST_FILE = YES;
				INFOPLIST_FILE = "$(TARGET_NAME)/Info.plist";
				LD_RUNPATH_SEARCH_PATHS = (
					"$(inherited)",
					"@executable_path/Frameworks",
				);
				MARKETING_VERSION = 1.0;
				PRODUCT_BUNDLE_IDENTIFIER = dev.edhoru.Cats.CatsVision;
				PRODUCT_NAME = "$(TARGET_NAME)";
				SDKROOT = xros;
				SUPPORTED_PLATFORMS = "xros xrsimulator";
				SWIFT_EMIT_LOC_STRINGS = YES;
				SWIFT_VERSION = 5.0;
				TARGETED_DEVICE_FAMILY = "1,2,7";
				VALIDATE_PRODUCT = YES;
				XROS_DEPLOYMENT_TARGET = 1.2;
			};
			name = Release;
		};
		844FFAC92C06AA9900988F9E /* Debug */ = {
			isa = XCBuildConfiguration;
			buildSettings = {
				ALWAYS_EMBED_SWIFT_STANDARD_LIBRARIES = YES;
				BUNDLE_LOADER = "$(TEST_HOST)";
				CODE_SIGN_STYLE = Automatic;
				CURRENT_PROJECT_VERSION = 1;
				DEVELOPMENT_TEAM = W7764ZQNWC;
				GENERATE_INFOPLIST_FILE = YES;
				MARKETING_VERSION = 1.0;
				PRODUCT_BUNDLE_IDENTIFIER = dev.edhoru.Cats.CatsVisionTests;
				PRODUCT_NAME = "$(TARGET_NAME)";
				SDKROOT = xros;
				SUPPORTED_PLATFORMS = "xros xrsimulator";
				SWIFT_EMIT_LOC_STRINGS = NO;
				SWIFT_VERSION = 5.0;
				TARGETED_DEVICE_FAMILY = "1,2,7";
				TEST_HOST = "$(BUILT_PRODUCTS_DIR)/CatsVision.app/$(BUNDLE_EXECUTABLE_FOLDER_PATH)/CatsVision";
				XROS_DEPLOYMENT_TARGET = 1.2;
			};
			name = Debug;
		};
		844FFACA2C06AA9900988F9E /* Release */ = {
			isa = XCBuildConfiguration;
			buildSettings = {
				ALWAYS_EMBED_SWIFT_STANDARD_LIBRARIES = YES;
				BUNDLE_LOADER = "$(TEST_HOST)";
				CODE_SIGN_STYLE = Automatic;
				CURRENT_PROJECT_VERSION = 1;
				DEVELOPMENT_TEAM = W7764ZQNWC;
				GENERATE_INFOPLIST_FILE = YES;
				MARKETING_VERSION = 1.0;
				PRODUCT_BUNDLE_IDENTIFIER = dev.edhoru.Cats.CatsVisionTests;
				PRODUCT_NAME = "$(TARGET_NAME)";
				SDKROOT = xros;
				SUPPORTED_PLATFORMS = "xros xrsimulator";
				SWIFT_EMIT_LOC_STRINGS = NO;
				SWIFT_VERSION = 5.0;
				TARGETED_DEVICE_FAMILY = "1,2,7";
				TEST_HOST = "$(BUILT_PRODUCTS_DIR)/CatsVision.app/$(BUNDLE_EXECUTABLE_FOLDER_PATH)/CatsVision";
				VALIDATE_PRODUCT = YES;
				XROS_DEPLOYMENT_TARGET = 1.2;
			};
			name = Release;
		};
		84C7ECE72B910EC2002A8834 /* Debug */ = {
			isa = XCBuildConfiguration;
			buildSettings = {
				BUNDLE_LOADER = "$(TEST_HOST)";
				CODE_SIGN_STYLE = Automatic;
				CURRENT_PROJECT_VERSION = 1;
				DEVELOPMENT_TEAM = W7764ZQNWC;
				GENERATE_INFOPLIST_FILE = YES;
				IPHONEOS_DEPLOYMENT_TARGET = 17.2;
				MARKETING_VERSION = 1.0;
				PRODUCT_BUNDLE_IDENTIFIER = dev.edhoru.CatsTests;
				PRODUCT_NAME = "$(TARGET_NAME)";
				SDKROOT = iphoneos;
				SUPPORTED_PLATFORMS = "iphoneos iphonesimulator watchos watchsimulator xros xrsimulator";
				SUPPORTS_MACCATALYST = NO;
				SUPPORTS_XR_DESIGNED_FOR_IPHONE_IPAD = NO;
				SWIFT_EMIT_LOC_STRINGS = NO;
				SWIFT_VERSION = 5.0;
				TARGETED_DEVICE_FAMILY = "1,2,4,7";
				TEST_HOST = "$(BUILT_PRODUCTS_DIR)/Cats.app/$(BUNDLE_EXECUTABLE_FOLDER_PATH)/Cats";
			};
			name = Debug;
		};
		84C7ECE82B910EC2002A8834 /* Release */ = {
			isa = XCBuildConfiguration;
			buildSettings = {
				BUNDLE_LOADER = "$(TEST_HOST)";
				CODE_SIGN_STYLE = Automatic;
				CURRENT_PROJECT_VERSION = 1;
				DEVELOPMENT_TEAM = W7764ZQNWC;
				GENERATE_INFOPLIST_FILE = YES;
				IPHONEOS_DEPLOYMENT_TARGET = 17.2;
				MARKETING_VERSION = 1.0;
				PRODUCT_BUNDLE_IDENTIFIER = dev.edhoru.CatsTests;
				PRODUCT_NAME = "$(TARGET_NAME)";
				SDKROOT = iphoneos;
				SUPPORTED_PLATFORMS = "iphoneos iphonesimulator watchos watchsimulator xros xrsimulator";
				SUPPORTS_MACCATALYST = NO;
				SUPPORTS_XR_DESIGNED_FOR_IPHONE_IPAD = NO;
				SWIFT_EMIT_LOC_STRINGS = NO;
				SWIFT_VERSION = 5.0;
				TARGETED_DEVICE_FAMILY = "1,2,4,7";
				TEST_HOST = "$(BUILT_PRODUCTS_DIR)/Cats.app/$(BUNDLE_EXECUTABLE_FOLDER_PATH)/Cats";
				VALIDATE_PRODUCT = YES;
			};
			name = Release;
		};
		84E5D4222B89891200A24ABF /* Debug */ = {
			isa = XCBuildConfiguration;
			buildSettings = {
				ALWAYS_SEARCH_USER_PATHS = NO;
				ASSETCATALOG_COMPILER_GENERATE_SWIFT_ASSET_SYMBOL_EXTENSIONS = YES;
				CLANG_ANALYZER_NONNULL = YES;
				CLANG_ANALYZER_NUMBER_OBJECT_CONVERSION = YES_AGGRESSIVE;
				CLANG_CXX_LANGUAGE_STANDARD = "gnu++20";
				CLANG_ENABLE_MODULES = YES;
				CLANG_ENABLE_OBJC_ARC = YES;
				CLANG_ENABLE_OBJC_WEAK = YES;
				CLANG_WARN_BLOCK_CAPTURE_AUTORELEASING = YES;
				CLANG_WARN_BOOL_CONVERSION = YES;
				CLANG_WARN_COMMA = YES;
				CLANG_WARN_CONSTANT_CONVERSION = YES;
				CLANG_WARN_DEPRECATED_OBJC_IMPLEMENTATIONS = YES;
				CLANG_WARN_DIRECT_OBJC_ISA_USAGE = YES_ERROR;
				CLANG_WARN_DOCUMENTATION_COMMENTS = YES;
				CLANG_WARN_EMPTY_BODY = YES;
				CLANG_WARN_ENUM_CONVERSION = YES;
				CLANG_WARN_INFINITE_RECURSION = YES;
				CLANG_WARN_INT_CONVERSION = YES;
				CLANG_WARN_NON_LITERAL_NULL_CONVERSION = YES;
				CLANG_WARN_OBJC_IMPLICIT_RETAIN_SELF = YES;
				CLANG_WARN_OBJC_LITERAL_CONVERSION = YES;
				CLANG_WARN_OBJC_ROOT_CLASS = YES_ERROR;
				CLANG_WARN_QUOTED_INCLUDE_IN_FRAMEWORK_HEADER = YES;
				CLANG_WARN_RANGE_LOOP_ANALYSIS = YES;
				CLANG_WARN_STRICT_PROTOTYPES = YES;
				CLANG_WARN_SUSPICIOUS_MOVE = YES;
				CLANG_WARN_UNGUARDED_AVAILABILITY = YES_AGGRESSIVE;
				CLANG_WARN_UNREACHABLE_CODE = YES;
				CLANG_WARN__DUPLICATE_METHOD_MATCH = YES;
				COPY_PHASE_STRIP = NO;
				DEAD_CODE_STRIPPING = YES;
				DEBUG_INFORMATION_FORMAT = dwarf;
				ENABLE_STRICT_OBJC_MSGSEND = YES;
				ENABLE_TESTABILITY = YES;
				ENABLE_USER_SCRIPT_SANDBOXING = YES;
				GCC_C_LANGUAGE_STANDARD = gnu17;
				GCC_DYNAMIC_NO_PIC = NO;
				GCC_NO_COMMON_BLOCKS = YES;
				GCC_OPTIMIZATION_LEVEL = 0;
				GCC_PREPROCESSOR_DEFINITIONS = (
					"DEBUG=1",
					"$(inherited)",
				);
				GCC_WARN_64_TO_32_BIT_CONVERSION = YES;
				GCC_WARN_ABOUT_RETURN_TYPE = YES_ERROR;
				GCC_WARN_UNDECLARED_SELECTOR = YES;
				GCC_WARN_UNINITIALIZED_AUTOS = YES_AGGRESSIVE;
				GCC_WARN_UNUSED_FUNCTION = YES;
				GCC_WARN_UNUSED_VARIABLE = YES;
				LOCALIZATION_PREFERS_STRING_CATALOGS = YES;
				MTL_ENABLE_DEBUG_INFO = INCLUDE_SOURCE;
				MTL_FAST_MATH = YES;
				ONLY_ACTIVE_ARCH = YES;
				SWIFT_ACTIVE_COMPILATION_CONDITIONS = "DEBUG $(inherited)";
				SWIFT_OPTIMIZATION_LEVEL = "-Onone";
			};
			name = Debug;
		};
		84E5D4232B89891200A24ABF /* Release */ = {
			isa = XCBuildConfiguration;
			buildSettings = {
				ALWAYS_SEARCH_USER_PATHS = NO;
				ASSETCATALOG_COMPILER_GENERATE_SWIFT_ASSET_SYMBOL_EXTENSIONS = YES;
				CLANG_ANALYZER_NONNULL = YES;
				CLANG_ANALYZER_NUMBER_OBJECT_CONVERSION = YES_AGGRESSIVE;
				CLANG_CXX_LANGUAGE_STANDARD = "gnu++20";
				CLANG_ENABLE_MODULES = YES;
				CLANG_ENABLE_OBJC_ARC = YES;
				CLANG_ENABLE_OBJC_WEAK = YES;
				CLANG_WARN_BLOCK_CAPTURE_AUTORELEASING = YES;
				CLANG_WARN_BOOL_CONVERSION = YES;
				CLANG_WARN_COMMA = YES;
				CLANG_WARN_CONSTANT_CONVERSION = YES;
				CLANG_WARN_DEPRECATED_OBJC_IMPLEMENTATIONS = YES;
				CLANG_WARN_DIRECT_OBJC_ISA_USAGE = YES_ERROR;
				CLANG_WARN_DOCUMENTATION_COMMENTS = YES;
				CLANG_WARN_EMPTY_BODY = YES;
				CLANG_WARN_ENUM_CONVERSION = YES;
				CLANG_WARN_INFINITE_RECURSION = YES;
				CLANG_WARN_INT_CONVERSION = YES;
				CLANG_WARN_NON_LITERAL_NULL_CONVERSION = YES;
				CLANG_WARN_OBJC_IMPLICIT_RETAIN_SELF = YES;
				CLANG_WARN_OBJC_LITERAL_CONVERSION = YES;
				CLANG_WARN_OBJC_ROOT_CLASS = YES_ERROR;
				CLANG_WARN_QUOTED_INCLUDE_IN_FRAMEWORK_HEADER = YES;
				CLANG_WARN_RANGE_LOOP_ANALYSIS = YES;
				CLANG_WARN_STRICT_PROTOTYPES = YES;
				CLANG_WARN_SUSPICIOUS_MOVE = YES;
				CLANG_WARN_UNGUARDED_AVAILABILITY = YES_AGGRESSIVE;
				CLANG_WARN_UNREACHABLE_CODE = YES;
				CLANG_WARN__DUPLICATE_METHOD_MATCH = YES;
				COPY_PHASE_STRIP = NO;
				DEAD_CODE_STRIPPING = YES;
				DEBUG_INFORMATION_FORMAT = "dwarf-with-dsym";
				ENABLE_NS_ASSERTIONS = NO;
				ENABLE_STRICT_OBJC_MSGSEND = YES;
				ENABLE_USER_SCRIPT_SANDBOXING = YES;
				GCC_C_LANGUAGE_STANDARD = gnu17;
				GCC_NO_COMMON_BLOCKS = YES;
				GCC_WARN_64_TO_32_BIT_CONVERSION = YES;
				GCC_WARN_ABOUT_RETURN_TYPE = YES_ERROR;
				GCC_WARN_UNDECLARED_SELECTOR = YES;
				GCC_WARN_UNINITIALIZED_AUTOS = YES_AGGRESSIVE;
				GCC_WARN_UNUSED_FUNCTION = YES;
				GCC_WARN_UNUSED_VARIABLE = YES;
				LOCALIZATION_PREFERS_STRING_CATALOGS = YES;
				MTL_ENABLE_DEBUG_INFO = NO;
				MTL_FAST_MATH = YES;
				SWIFT_COMPILATION_MODE = wholemodule;
			};
			name = Release;
		};
		84E5D4252B89891200A24ABF /* Debug */ = {
			isa = XCBuildConfiguration;
			buildSettings = {
				ALWAYS_EMBED_SWIFT_STANDARD_LIBRARIES = YES;
				ASSETCATALOG_COMPILER_APPICON_NAME = AppIcon;
				ASSETCATALOG_COMPILER_GLOBAL_ACCENT_COLOR_NAME = AccentColor;
				CODE_SIGN_ENTITLEMENTS = Cats/Cats.entitlements;
				CODE_SIGN_STYLE = Automatic;
				CURRENT_PROJECT_VERSION = 1;
				DEAD_CODE_STRIPPING = YES;
				DEVELOPMENT_ASSET_PATHS = "\"Cats/Preview Content\"";
				DEVELOPMENT_TEAM = W7764ZQNWC;
				ENABLE_HARDENED_RUNTIME = YES;
				ENABLE_PREVIEWS = YES;
				GENERATE_INFOPLIST_FILE = YES;
				INFOPLIST_FILE = Cats/Info.plist;
				"INFOPLIST_KEY_UIApplicationSceneManifest_Generation[sdk=iphoneos*]" = YES;
				"INFOPLIST_KEY_UIApplicationSceneManifest_Generation[sdk=iphonesimulator*]" = YES;
				"INFOPLIST_KEY_UIApplicationSupportsIndirectInputEvents[sdk=iphoneos*]" = YES;
				"INFOPLIST_KEY_UIApplicationSupportsIndirectInputEvents[sdk=iphonesimulator*]" = YES;
				"INFOPLIST_KEY_UILaunchScreen_Generation[sdk=iphoneos*]" = YES;
				"INFOPLIST_KEY_UILaunchScreen_Generation[sdk=iphonesimulator*]" = YES;
				INFOPLIST_KEY_UILaunchStoryboardName = "Launch Screen.storyboard";
				"INFOPLIST_KEY_UIStatusBarStyle[sdk=iphoneos*]" = UIStatusBarStyleDefault;
				"INFOPLIST_KEY_UIStatusBarStyle[sdk=iphonesimulator*]" = UIStatusBarStyleDefault;
				INFOPLIST_KEY_UISupportedInterfaceOrientations_iPad = UIInterfaceOrientationPortrait;
				IPHONEOS_DEPLOYMENT_TARGET = 17.2;
				LD_RUNPATH_SEARCH_PATHS = "@executable_path/Frameworks";
				"LD_RUNPATH_SEARCH_PATHS[sdk=macosx*]" = "@executable_path/../Frameworks";
				MACOSX_DEPLOYMENT_TARGET = 14.2;
				MARKETING_VERSION = 1.0;
				PRODUCT_BUNDLE_IDENTIFIER = dev.edhoru.Cats;
				PRODUCT_NAME = "$(TARGET_NAME)";
				SDKROOT = auto;
				SUPPORTED_PLATFORMS = "iphoneos iphonesimulator macosx";
				SUPPORTS_MACCATALYST = NO;
				SWIFT_EMIT_LOC_STRINGS = YES;
				SWIFT_VERSION = 5.0;
				TARGETED_DEVICE_FAMILY = "1,2";
			};
			name = Debug;
		};
		84E5D4262B89891200A24ABF /* Release */ = {
			isa = XCBuildConfiguration;
			buildSettings = {
				ALWAYS_EMBED_SWIFT_STANDARD_LIBRARIES = YES;
				ASSETCATALOG_COMPILER_APPICON_NAME = AppIcon;
				ASSETCATALOG_COMPILER_GLOBAL_ACCENT_COLOR_NAME = AccentColor;
				CODE_SIGN_ENTITLEMENTS = Cats/Cats.entitlements;
				CODE_SIGN_STYLE = Automatic;
				CURRENT_PROJECT_VERSION = 1;
				DEAD_CODE_STRIPPING = YES;
				DEVELOPMENT_ASSET_PATHS = "\"Cats/Preview Content\"";
				DEVELOPMENT_TEAM = W7764ZQNWC;
				ENABLE_HARDENED_RUNTIME = YES;
				ENABLE_PREVIEWS = YES;
				GENERATE_INFOPLIST_FILE = YES;
				INFOPLIST_FILE = Cats/Info.plist;
				"INFOPLIST_KEY_UIApplicationSceneManifest_Generation[sdk=iphoneos*]" = YES;
				"INFOPLIST_KEY_UIApplicationSceneManifest_Generation[sdk=iphonesimulator*]" = YES;
				"INFOPLIST_KEY_UIApplicationSupportsIndirectInputEvents[sdk=iphoneos*]" = YES;
				"INFOPLIST_KEY_UIApplicationSupportsIndirectInputEvents[sdk=iphonesimulator*]" = YES;
				"INFOPLIST_KEY_UILaunchScreen_Generation[sdk=iphoneos*]" = YES;
				"INFOPLIST_KEY_UILaunchScreen_Generation[sdk=iphonesimulator*]" = YES;
				INFOPLIST_KEY_UILaunchStoryboardName = "Launch Screen.storyboard";
				"INFOPLIST_KEY_UIStatusBarStyle[sdk=iphoneos*]" = UIStatusBarStyleDefault;
				"INFOPLIST_KEY_UIStatusBarStyle[sdk=iphonesimulator*]" = UIStatusBarStyleDefault;
				INFOPLIST_KEY_UISupportedInterfaceOrientations_iPad = UIInterfaceOrientationPortrait;
				IPHONEOS_DEPLOYMENT_TARGET = 17.2;
				LD_RUNPATH_SEARCH_PATHS = "@executable_path/Frameworks";
				"LD_RUNPATH_SEARCH_PATHS[sdk=macosx*]" = "@executable_path/../Frameworks";
				MACOSX_DEPLOYMENT_TARGET = 14.2;
				MARKETING_VERSION = 1.0;
				PRODUCT_BUNDLE_IDENTIFIER = dev.edhoru.Cats;
				PRODUCT_NAME = "$(TARGET_NAME)";
				SDKROOT = auto;
				SUPPORTED_PLATFORMS = "iphoneos iphonesimulator macosx";
				SUPPORTS_MACCATALYST = NO;
				SWIFT_EMIT_LOC_STRINGS = YES;
				SWIFT_VERSION = 5.0;
				TARGETED_DEVICE_FAMILY = "1,2";
			};
			name = Release;
		};
/* End XCBuildConfiguration section */

/* Begin XCConfigurationList section */
		844FFA992C06A97500988F9E /* Build configuration list for PBXNativeTarget "CatsWatch Watch App" */ = {
			isa = XCConfigurationList;
			buildConfigurations = (
				844FFA9A2C06A97500988F9E /* Debug */,
				844FFA9B2C06A97500988F9E /* Release */,
			);
			defaultConfigurationIsVisible = 0;
			defaultConfigurationName = Release;
		};
		844FFA9D2C06A97500988F9E /* Build configuration list for PBXNativeTarget "CatsWatch Watch AppTests" */ = {
			isa = XCConfigurationList;
			buildConfigurations = (
				844FFA9E2C06A97500988F9E /* Debug */,
				844FFA9F2C06A97500988F9E /* Release */,
			);
			defaultConfigurationIsVisible = 0;
			defaultConfigurationName = Release;
		};
		844FFAA02C06A97500988F9E /* Build configuration list for PBXNativeTarget "CatsWatch Watch AppUITests" */ = {
			isa = XCConfigurationList;
			buildConfigurations = (
				844FFAA12C06A97500988F9E /* Debug */,
				844FFAA22C06A97500988F9E /* Release */,
			);
			defaultConfigurationIsVisible = 0;
			defaultConfigurationName = Release;
		};
		844FFAC52C06AA9900988F9E /* Build configuration list for PBXNativeTarget "CatsVision" */ = {
			isa = XCConfigurationList;
			buildConfigurations = (
				844FFAC62C06AA9900988F9E /* Debug */,
				844FFAC72C06AA9900988F9E /* Release */,
			);
			defaultConfigurationIsVisible = 0;
			defaultConfigurationName = Release;
		};
		844FFAC82C06AA9900988F9E /* Build configuration list for PBXNativeTarget "CatsVisionTests" */ = {
			isa = XCConfigurationList;
			buildConfigurations = (
				844FFAC92C06AA9900988F9E /* Debug */,
				844FFACA2C06AA9900988F9E /* Release */,
			);
			defaultConfigurationIsVisible = 0;
			defaultConfigurationName = Release;
		};
		84C7ECE62B910EC2002A8834 /* Build configuration list for PBXNativeTarget "CatsTests" */ = {
			isa = XCConfigurationList;
			buildConfigurations = (
				84C7ECE72B910EC2002A8834 /* Debug */,
				84C7ECE82B910EC2002A8834 /* Release */,
			);
			defaultConfigurationIsVisible = 0;
			defaultConfigurationName = Release;
		};
		84E5D4102B89891100A24ABF /* Build configuration list for PBXProject "Cats" */ = {
			isa = XCConfigurationList;
			buildConfigurations = (
				84E5D4222B89891200A24ABF /* Debug */,
				84E5D4232B89891200A24ABF /* Release */,
			);
			defaultConfigurationIsVisible = 0;
			defaultConfigurationName = Release;
		};
		84E5D4242B89891200A24ABF /* Build configuration list for PBXNativeTarget "Cats" */ = {
			isa = XCConfigurationList;
			buildConfigurations = (
				84E5D4252B89891200A24ABF /* Debug */,
				84E5D4262B89891200A24ABF /* Release */,
			);
			defaultConfigurationIsVisible = 0;
			defaultConfigurationName = Release;
		};
/* End XCConfigurationList section */

/* Begin XCSwiftPackageProductDependency section */
		844FFAAB2C06AA9700988F9E /* RealityKitContent */ = {
			isa = XCSwiftPackageProductDependency;
			productName = RealityKitContent;
		};
/* End XCSwiftPackageProductDependency section */
	};
	rootObject = 84E5D40D2B89891100A24ABF /* Project object */;
}
